
Microsoft Visual Studio Solution File, Format Version 12.00
# Visual Studio Version 16
VisualStudioVersion = 16.0.29009.5
MinimumVisualStudioVersion = 10.0.40219.1
Project("{FAE04EC0-301F-11D3-BF4B-00C04F79EFBC}") = "XFSQLiteDemo", "XFSQLiteDemo\XFSQLiteDemo.csproj", "{74DCB0AF-9A34-4AE9-87A8-CC6285933C17}"
EndProject
Project("{FAE04EC0-301F-11D3-BF4B-00C04F79EFBC}") = "XFSQLiteDemo.Android", "XFSQLiteDemo.Android\XFSQLiteDemo.Android.csproj", "{A8FBEFF7-A70C-4D9C-A461-C65613EFEF6E}"
EndProject
Project("{FAE04EC0-301F-11D3-BF4B-00C04F79EFBC}") = "XFSQLiteDemo.iOS", "XFSQLiteDemo.iOS\XFSQLiteDemo.iOS.csproj", "{8009B7A2-1534-4AA2-9179-5BA0DC2AE4FF}"
EndProject
Global
	GlobalSection(SolutionConfigurationPlatforms) = preSolution
		Ad-Hoc|Any CPU = Ad-Hoc|Any CPU
		Ad-Hoc|iPhone = Ad-Hoc|iPhone
		Ad-Hoc|iPhoneSimulator = Ad-Hoc|iPhoneSimulator
		AppStore|Any CPU = AppStore|Any CPU
		AppStore|iPhone = AppStore|iPhone
		AppStore|iPhoneSimulator = AppStore|iPhoneSimulator
		Debug|Any CPU = Debug|Any CPU
		Debug|iPhone = Debug|iPhone
		Debug|iPhoneSimulator = Debug|iPhoneSimulator
		Release|Any CPU = Release|Any CPU
		Release|iPhone = Release|iPhone
		Release|iPhoneSimulator = Release|iPhoneSimulator
	EndGlobalSection
	GlobalSection(ProjectConfigurationPlatforms) = postSolution
		{74DCB0AF-9A34-4AE9-87A8-CC6285933C17}.Ad-Hoc|Any CPU.ActiveCfg = Debug|Any CPU
		{74DCB0AF-9A34-4AE9-87A8-CC6285933C17}.Ad-Hoc|Any CPU.Build.0 = Debug|Any CPU
		{74DCB0AF-9A34-4AE9-87A8-CC6285933C17}.Ad-Hoc|iPhone.ActiveCfg = Debug|Any CPU
		{74DCB0AF-9A34-4AE9-87A8-CC6285933C17}.Ad-Hoc|iPhone.Build.0 = Debug|Any CPU
		{74DCB0AF-9A34-4AE9-87A8-CC6285933C17}.Ad-Hoc|iPhoneSimulator.ActiveCfg = Debug|Any CPU
		{74DCB0AF-9A34-4AE9-87A8-CC6285933C17}.Ad-Hoc|iPhoneSimulator.Build.0 = Debug|Any CPU
		{74DCB0AF-9A34-4AE9-87A8-CC6285933C17}.AppStore|Any CPU.ActiveCfg = Debug|Any CPU
		{74DCB0AF-9A34-4AE9-87A8-CC6285933C17}.AppStore|Any CPU.Build.0 = Debug|Any CPU
		{74DCB0AF-9A34-4AE9-87A8-CC6285933C17}.AppStore|iPhone.ActiveCfg = Debug|Any CPU
		{74DCB0AF-9A34-4AE9-87A8-CC6285933C17}.AppStore|iPhone.Build.0 = Debug|Any CPU
		{74DCB0AF-9A34-4AE9-87A8-CC6285933C17}.AppStore|iPhoneSimulator.ActiveCfg = Debug|Any CPU
		{74DCB0AF-9A34-4AE9-87A8-CC6285933C17}.AppStore|iPhoneSimulator.Build.0 = Debug|Any CPU
		{74DCB0AF-9A34-4AE9-87A8-CC6285933C17}.Debug|Any CPU.ActiveCfg = Debug|Any CPU
		{74DCB0AF-9A34-4AE9-87A8-CC6285933C17}.Debug|Any CPU.Build.0 = Debug|Any CPU
		{74DCB0AF-9A34-4AE9-87A8-CC6285933C17}.Debug|iPhone.ActiveCfg = Debug|Any CPU
		{74DCB0AF-9A34-4AE9-87A8-CC6285933C17}.Debug|iPhone.Build.0 = Debug|Any CPU
		{74DCB0AF-9A34-4AE9-87A8-CC6285933C17}.Debug|iPhoneSimulator.ActiveCfg = Debug|Any CPU
		{74DCB0AF-9A34-4AE9-87A8-CC6285933C17}.Debug|iPhoneSimulator.Build.0 = Debug|Any CPU
		{74DCB0AF-9A34-4AE9-87A8-CC6285933C17}.Release|Any CPU.ActiveCfg = Release|Any CPU
		{74DCB0AF-9A34-4AE9-87A8-CC6285933C17}.Release|Any CPU.Build.0 = Release|Any CPU
		{74DCB0AF-9A34-4AE9-87A8-CC6285933C17}.Release|iPhone.ActiveCfg = Release|Any CPU
		{74DCB0AF-9A34-4AE9-87A8-CC6285933C17}.Release|iPhone.Build.0 = Release|Any CPU
		{74DCB0AF-9A34-4AE9-87A8-CC6285933C17}.Release|iPhoneSimulator.ActiveCfg = Release|Any CPU
		{74DCB0AF-9A34-4AE9-87A8-CC6285933C17}.Release|iPhoneSimulator.Build.0 = Release|Any CPU
		{A8FBEFF7-A70C-4D9C-A461-C65613EFEF6E}.Ad-Hoc|Any CPU.ActiveCfg = Release|Any CPU
		{A8FBEFF7-A70C-4D9C-A461-C65613EFEF6E}.Ad-Hoc|Any CPU.Build.0 = Release|Any CPU
		{A8FBEFF7-A70C-4D9C-A461-C65613EFEF6E}.Ad-Hoc|Any CPU.Deploy.0 = Release|Any CPU
		{A8FBEFF7-A70C-4D9C-A461-C65613EFEF6E}.Ad-Hoc|iPhone.ActiveCfg = Release|Any CPU
		{A8FBEFF7-A70C-4D9C-A461-C65613EFEF6E}.Ad-Hoc|iPhone.Build.0 = Release|Any CPU
		{A8FBEFF7-A70C-4D9C-A461-C65613EFEF6E}.Ad-Hoc|iPhone.Deploy.0 = Release|Any CPU
		{A8FBEFF7-A70C-4D9C-A461-C65613EFEF6E}.Ad-Hoc|iPhoneSimulator.ActiveCfg = Release|Any CPU
		{A8FBEFF7-A70C-4D9C-A461-C65613EFEF6E}.Ad-Hoc|iPhoneSimulator.Build.0 = Release|Any CPU
		{A8FBEFF7-A70C-4D9C-A461-C65613EFEF6E}.Ad-Hoc|iPhoneSimulator.Deploy.0 = Release|Any CPU
		{A8FBEFF7-A70C-4D9C-A461-C65613EFEF6E}.AppStore|Any CPU.ActiveCfg = Release|Any CPU
		{A8FBEFF7-A70C-4D9C-A461-C65613EFEF6E}.AppStore|Any CPU.Build.0 = Release|Any CPU
		{A8FBEFF7-A70C-4D9C-A461-C65613EFEF6E}.AppStore|Any CPU.Deploy.0 = Release|Any CPU
		{A8FBEFF7-A70C-4D9C-A461-C65613EFEF6E}.AppStore|iPhone.ActiveCfg = Release|Any CPU
		{A8FBEFF7-A70C-4D9C-A461-C65613EFEF6E}.AppStore|iPhone.Build.0 = Release|Any CPU
		{A8FBEFF7-A70C-4D9C-A461-C65613EFEF6E}.AppStore|iPhone.Deploy.0 = Release|Any CPU
		{A8FBEFF7-A70C-4D9C-A461-C65613EFEF6E}.AppStore|iPhoneSimulator.ActiveCfg = Release|Any CPU
		{A8FBEFF7-A70C-4D9C-A461-C65613EFEF6E}.AppStore|iPhoneSimulator.Build.0 = Release|Any CPU
		{A8FBEFF7-A70C-4D9C-A461-C65613EFEF6E}.AppStore|iPhoneSimulator.Deploy.0 = Release|Any CPU
		{A8FBEFF7-A70C-4D9C-A461-C65613EFEF6E}.Debug|Any CPU.ActiveCfg = Debug|Any CPU
		{A8FBEFF7-A70C-4D9C-A461-C65613EFEF6E}.Debug|Any CPU.Build.0 = Debug|Any CPU
		{A8FBEFF7-A70C-4D9C-A461-C65613EFEF6E}.Debug|Any CPU.Deploy.0 = Debug|Any CPU
		{A8FBEFF7-A70C-4D9C-A461-C65613EFEF6E}.Debug|iPhone.ActiveCfg = Debug|Any CPU
		{A8FBEFF7-A70C-4D9C-A461-C65613EFEF6E}.Debug|iPhone.Build.0 = Debug|Any CPU
		{A8FBEFF7-A70C-4D9C-A461-C65613EFEF6E}.Debug|iPhone.Deploy.0 = Debug|Any CPU
		{A8FBEFF7-A70C-4D9C-A461-C65613EFEF6E}.Debug|iPhoneSimulator.ActiveCfg = Debug|Any CPU
		{A8FBEFF7-A70C-4D9C-A461-C65613EFEF6E}.Debug|iPhoneSimulator.Build.0 = Debug|Any CPU
		{A8FBEFF7-A70C-4D9C-A461-C65613EFEF6E}.Debug|iPhoneSimulator.Deploy.0 = Debug|Any CPU
		{A8FBEFF7-A70C-4D9C-A461-C65613EFEF6E}.Release|Any CPU.ActiveCfg = Release|Any CPU
		{A8FBEFF7-A70C-4D9C-A461-C65613EFEF6E}.Release|Any CPU.Build.0 = Release|Any CPU
		{A8FBEFF7-A70C-4D9C-A461-C65613EFEF6E}.Release|Any CPU.Deploy.0 = Release|Any CPU
		{A8FBEFF7-A70C-4D9C-A461-C65613EFEF6E}.Release|iPhone.ActiveCfg = Release|Any CPU
		{A8FBEFF7-A70C-4D9C-A461-C65613EFEF6E}.Release|iPhone.Build.0 = Release|Any CPU
		{A8FBEFF7-A70C-4D9C-A461-C65613EFEF6E}.Release|iPhone.Deploy.0 = Release|Any CPU
		{A8FBEFF7-A70C-4D9C-A461-C65613EFEF6E}.Release|iPhoneSimulator.ActiveCfg = Release|Any CPU
		{A8FBEFF7-A70C-4D9C-A461-C65613EFEF6E}.Release|iPhoneSimulator.Build.0 = Release|Any CPU
		{A8FBEFF7-A70C-4D9C-A461-C65613EFEF6E}.Release|iPhoneSimulator.Deploy.0 = Release|Any CPU
		{8009B7A2-1534-4AA2-9179-5BA0DC2AE4FF}.Ad-Hoc|Any CPU.ActiveCfg = Ad-Hoc|iPhone
		{8009B7A2-1534-4AA2-9179-5BA0DC2AE4FF}.Ad-Hoc|iPhone.ActiveCfg = Ad-Hoc|iPhone
		{8009B7A2-1534-4AA2-9179-5BA0DC2AE4FF}.Ad-Hoc|iPhone.Build.0 = Ad-Hoc|iPhone
		{8009B7A2-1534-4AA2-9179-5BA0DC2AE4FF}.Ad-Hoc|iPhoneSimulator.ActiveCfg = Ad-Hoc|iPhoneSimulator
		{8009B7A2-1534-4AA2-9179-5BA0DC2AE4FF}.Ad-Hoc|iPhoneSimulator.Build.0 = Ad-Hoc|iPhoneSimulator
		{8009B7A2-1534-4AA2-9179-5BA0DC2AE4FF}.AppStore|Any CPU.ActiveCfg = AppStore|iPhone
		{8009B7A2-1534-4AA2-9179-5BA0DC2AE4FF}.AppStore|iPhone.ActiveCfg = AppStore|iPhone
		{8009B7A2-1534-4AA2-9179-5BA0DC2AE4FF}.AppStore|iPhone.Build.0 = AppStore|iPhone
		{8009B7A2-1534-4AA2-9179-5BA0DC2AE4FF}.AppStore|iPhoneSimulator.ActiveCfg = AppStore|iPhoneSimulator
		{8009B7A2-1534-4AA2-9179-5BA0DC2AE4FF}.AppStore|iPhoneSimulator.Build.0 = AppStore|iPhoneSimulator
		{8009B7A2-1534-4AA2-9179-5BA0DC2AE4FF}.Debug|Any CPU.ActiveCfg = Debug|iPhone
		{8009B7A2-1534-4AA2-9179-5BA0DC2AE4FF}.Debug|iPhone.ActiveCfg = Debug|iPhone
		{8009B7A2-1534-4AA2-9179-5BA0DC2AE4FF}.Debug|iPhone.Build.0 = Debug|iPhone
		{8009B7A2-1534-4AA2-9179-5BA0DC2AE4FF}.Debug|iPhoneSimulator.ActiveCfg = Debug|iPhoneSimulator
		{8009B7A2-1534-4AA2-9179-5BA0DC2AE4FF}.Debug|iPhoneSimulator.Build.0 = Debug|iPhoneSimulator
		{8009B7A2-1534-4AA2-9179-5BA0DC2AE4FF}.Release|Any CPU.ActiveCfg = Release|iPhone
		{8009B7A2-1534-4AA2-9179-5BA0DC2AE4FF}.Release|iPhone.ActiveCfg = Release|iPhone
		{8009B7A2-1534-4AA2-9179-5BA0DC2AE4FF}.Release|iPhone.Build.0 = Release|iPhone
		{8009B7A2-1534-4AA2-9179-5BA0DC2AE4FF}.Release|iPhoneSimulator.ActiveCfg = Release|iPhoneSimulator
		{8009B7A2-1534-4AA2-9179-5BA0DC2AE4FF}.Release|iPhoneSimulator.Build.0 = Release|iPhoneSimulator
	EndGlobalSection
	GlobalSection(SolutionProperties) = preSolution
		HideSolutionNode = FALSE
	EndGlobalSection
	GlobalSection(ExtensibilityGlobals) = postSolution
		SolutionGuid = {497A118B-B33C-4A6F-9B2C-A694C7AF1A71}
	EndGlobalSection
EndGlobal
